
Microsoft Visual Studio Solution File, Format Version 12.00
# Visual Studio Version 17
VisualStudioVersion = 17.0.31903.59
MinimumVisualStudioVersion = 10.0.40219.1
Project("{9A19103F-16F7-4668-BE54-9A1E7A4F7556}") = "Proyecto1", "Proyecto1\Proyecto1.csproj", "{6FF89407-8731-4AA7-97CB-41504905123B}"
EndProject
Global
	GlobalSection(SolutionConfigurationPlatforms) = preSolution
		Debug|Any CPU = Debug|Any CPU
		Release|Any CPU = Release|Any CPU
	EndGlobalSection
	GlobalSection(ProjectConfigurationPlatforms) = postSolution
		{6FF89407-8731-4AA7-97CB-41504905123B}.Debug|Any CPU.ActiveCfg = Debug|Any CPU
		{6FF89407-8731-4AA7-97CB-41504905123B}.Debug|Any CPU.Build.0 = Debug|Any CPU
		{6FF89407-8731-4AA7-97CB-41504905123B}.Release|Any CPU.ActiveCfg = Release|Any CPU
		{6FF89407-8731-4AA7-97CB-41504905123B}.Release|Any CPU.Build.0 = Release|Any CPU
	EndGlobalSection
	GlobalSection(SolutionProperties) = preSolution
		HideSolutionNode = FALSE
	EndGlobalSection
	GlobalSection(ExtensibilityGlobals) = postSolution
		SolutionGuid = {2C5F6772-B5B0-4D11-952C-4F6CEABBDD2E}
	EndGlobalSection
EndGlobal
